
Microsoft Visual Studio Solution File, Format Version 12.00
# Visual Studio 15
VisualStudioVersion = 15.0.28010.2019
MinimumVisualStudioVersion = 10.0.40219.1
Project("{FAE04EC0-301F-11D3-BF4B-00C04F79EFBC}") = "TKhaleghiAssignment2", "TKhaleghiAssignment2\TKhaleghiAssignment2.csproj", "{F452188D-5AC3-43E6-A3FD-481B1AD0A010}"
EndProject
Global
	GlobalSection(SolutionConfigurationPlatforms) = preSolution
		Debug|Any CPU = Debug|Any CPU
		Release|Any CPU = Release|Any CPU
	EndGlobalSection
	GlobalSection(ProjectConfigurationPlatforms) = postSolution
		{F452188D-5AC3-43E6-A3FD-481B1AD0A010}.Debug|Any CPU.ActiveCfg = Debug|Any CPU
		{F452188D-5AC3-43E6-A3FD-481B1AD0A010}.Debug|Any CPU.Build.0 = Debug|Any CPU
		{F452188D-5AC3-43E6-A3FD-481B1AD0A010}.Release|Any CPU.ActiveCfg = Release|Any CPU
		{F452188D-5AC3-43E6-A3FD-481B1AD0A010}.Release|Any CPU.Build.0 = Release|Any CPU
	EndGlobalSection
	GlobalSection(SolutionProperties) = preSolution
		HideSolutionNode = FALSE
	EndGlobalSection
	GlobalSection(ExtensibilityGlobals) = postSolution
		SolutionGuid = {858F55BE-DB0B-46E3-A4FC-1961365E6210}
	EndGlobalSection
EndGlobal
